
Microsoft Visual Studio Solution File, Format Version 12.00
# Visual Studio Version 17
VisualStudioVersion = 17.0.31903.59
MinimumVisualStudioVersion = 10.0.40219.1
Project("{2150E333-8FDC-42A3-9474-1A3956D46DE8}") = "src", "src", "{6255FD7E-63FC-4892-9EB7-8EE30DB15E49}"
EndProject
Project("{FAE04EC0-301F-11D3-BF4B-00C04F79EFBC}") = "EDS.Core", "src\EDS.Core\EDS.Core.csproj", "{30C152CF-1464-4E17-A604-6A4276F89327}"
EndProject
Project("{FAE04EC0-301F-11D3-BF4B-00C04F79EFBC}") = "EDS.Infrastructure", "src\EDS.Infrastructure\EDS.Infrastructure.csproj", "{F54925D2-CD53-4C28-934B-AD0DBF8000E7}"
EndProject
Project("{FAE04EC0-301F-11D3-BF4B-00C04F79EFBC}") = "EDS.Importer", "src\EDS.Importer\EDS.Importer.csproj", "{DF578CB7-0622-44C2-98C6-60DC383A5095}"
EndProject
Project("{FAE04EC0-301F-11D3-BF4B-00C04F79EFBC}") = "EDS.Drivers.PostgreSQL", "src\EDS.Drivers.PostgreSQL\EDS.Drivers.PostgreSQL.csproj", "{20AF3CCC-45E2-49CF-B183-1246C7CE0D7B}"
EndProject
Project("{FAE04EC0-301F-11D3-BF4B-00C04F79EFBC}") = "EDS.Drivers.MySQL", "src\EDS.Drivers.MySQL\EDS.Drivers.MySQL.csproj", "{87DEE68C-06A7-435A-BBDD-CEE0FEE9B009}"
EndProject
Project("{FAE04EC0-301F-11D3-BF4B-00C04F79EFBC}") = "EDS.Drivers.SqlServer", "src\EDS.Drivers.SqlServer\EDS.Drivers.SqlServer.csproj", "{5EDFB988-1440-4F8A-A899-76422851DAA5}"
EndProject
Project("{FAE04EC0-301F-11D3-BF4B-00C04F79EFBC}") = "EDS.Drivers.Snowflake", "src\EDS.Drivers.Snowflake\EDS.Drivers.Snowflake.csproj", "{BCC2397F-59C0-4F9D-A3A3-9918EC0415B5}"
EndProject
Project("{FAE04EC0-301F-11D3-BF4B-00C04F79EFBC}") = "EDS.Drivers.S3", "src\EDS.Drivers.S3\EDS.Drivers.S3.csproj", "{EED71D3C-CEA9-44A1-B5F6-3EAD30CF2EDD}"
EndProject
Project("{FAE04EC0-301F-11D3-BF4B-00C04F79EFBC}") = "EDS.Drivers.Kafka", "src\EDS.Drivers.Kafka\EDS.Drivers.Kafka.csproj", "{80F23D14-1780-43AB-9EB2-7BF7B636AC3C}"
EndProject
Project("{FAE04EC0-301F-11D3-BF4B-00C04F79EFBC}") = "EDS.Drivers.EventHub", "src\EDS.Drivers.EventHub\EDS.Drivers.EventHub.csproj", "{628CB87C-5EF8-414F-B826-2139839AFC9F}"
EndProject
Project("{FAE04EC0-301F-11D3-BF4B-00C04F79EFBC}") = "EDS.Drivers.File", "src\EDS.Drivers.File\EDS.Drivers.File.csproj", "{B2C85F37-1D52-4A0C-86FE-89A221586F25}"
EndProject
Project("{FAE04EC0-301F-11D3-BF4B-00C04F79EFBC}") = "EDS.Cli", "src\EDS.Cli\EDS.Cli.csproj", "{4C8FACA7-981F-4A48-8BB7-6BB8454F3D05}"
EndProject
Project("{2150E333-8FDC-42A3-9474-1A3956D46DE8}") = "tests", "tests", "{10AEB29C-BEFB-483A-8A06-16E3FB1146BA}"
EndProject
Project("{FAE04EC0-301F-11D3-BF4B-00C04F79EFBC}") = "EDS.Core.Tests", "tests\EDS.Core.Tests\EDS.Core.Tests.csproj", "{460CE34D-A623-4056-9354-2C39E8384E64}"
EndProject
Project("{FAE04EC0-301F-11D3-BF4B-00C04F79EFBC}") = "EDS.Infrastructure.Tests", "tests\EDS.Infrastructure.Tests\EDS.Infrastructure.Tests.csproj", "{25B8906F-D994-4EA4-B46A-1A3BD6BF60A7}"
EndProject
Project("{FAE04EC0-301F-11D3-BF4B-00C04F79EFBC}") = "EDS.Integration.Tests", "tests\EDS.Integration.Tests\EDS.Integration.Tests.csproj", "{61C3E231-E6FF-47E4-909A-E902B717B3A0}"
EndProject
Project("{FAE04EC0-301F-11D3-BF4B-00C04F79EFBC}") = "EDS.Cli.Tests", "tests\EDS.Cli.Tests\EDS.Cli.Tests.csproj", "{A1B2C3D4-E5F6-7890-ABCD-EF1234567890}"
EndProject
Project("{FAE04EC0-301F-11D3-BF4B-00C04F79EFBC}") = "EDS.Drivers.AzureBlob", "src\EDS.Drivers.AzureBlob\EDS.Drivers.AzureBlob.csproj", "{34F4D9C5-4A0C-470B-B7CB-D61B75616BB5}"
EndProject
Global
	GlobalSection(SolutionConfigurationPlatforms) = preSolution
		Debug|Any CPU = Debug|Any CPU
		Release|Any CPU = Release|Any CPU
	EndGlobalSection
	GlobalSection(SolutionProperties) = preSolution
		HideSolutionNode = FALSE
	EndGlobalSection
	GlobalSection(ProjectConfigurationPlatforms) = postSolution
		{30C152CF-1464-4E17-A604-6A4276F89327}.Debug|Any CPU.ActiveCfg = Debug|Any CPU
		{30C152CF-1464-4E17-A604-6A4276F89327}.Debug|Any CPU.Build.0 = Debug|Any CPU
		{30C152CF-1464-4E17-A604-6A4276F89327}.Release|Any CPU.ActiveCfg = Release|Any CPU
		{30C152CF-1464-4E17-A604-6A4276F89327}.Release|Any CPU.Build.0 = Release|Any CPU
		{F54925D2-CD53-4C28-934B-AD0DBF8000E7}.Debug|Any CPU.ActiveCfg = Debug|Any CPU
		{F54925D2-CD53-4C28-934B-AD0DBF8000E7}.Debug|Any CPU.Build.0 = Debug|Any CPU
		{F54925D2-CD53-4C28-934B-AD0DBF8000E7}.Release|Any CPU.ActiveCfg = Release|Any CPU
		{F54925D2-CD53-4C28-934B-AD0DBF8000E7}.Release|Any CPU.Build.0 = Release|Any CPU
		{DF578CB7-0622-44C2-98C6-60DC383A5095}.Debug|Any CPU.ActiveCfg = Debug|Any CPU
		{DF578CB7-0622-44C2-98C6-60DC383A5095}.Debug|Any CPU.Build.0 = Debug|Any CPU
		{DF578CB7-0622-44C2-98C6-60DC383A5095}.Release|Any CPU.ActiveCfg = Release|Any CPU
		{DF578CB7-0622-44C2-98C6-60DC383A5095}.Release|Any CPU.Build.0 = Release|Any CPU
		{20AF3CCC-45E2-49CF-B183-1246C7CE0D7B}.Debug|Any CPU.ActiveCfg = Debug|Any CPU
		{20AF3CCC-45E2-49CF-B183-1246C7CE0D7B}.Debug|Any CPU.Build.0 = Debug|Any CPU
		{20AF3CCC-45E2-49CF-B183-1246C7CE0D7B}.Release|Any CPU.ActiveCfg = Release|Any CPU
		{20AF3CCC-45E2-49CF-B183-1246C7CE0D7B}.Release|Any CPU.Build.0 = Release|Any CPU
		{87DEE68C-06A7-435A-BBDD-CEE0FEE9B009}.Debug|Any CPU.ActiveCfg = Debug|Any CPU
		{87DEE68C-06A7-435A-BBDD-CEE0FEE9B009}.Debug|Any CPU.Build.0 = Debug|Any CPU
		{87DEE68C-06A7-435A-BBDD-CEE0FEE9B009}.Release|Any CPU.ActiveCfg = Release|Any CPU
		{87DEE68C-06A7-435A-BBDD-CEE0FEE9B009}.Release|Any CPU.Build.0 = Release|Any CPU
		{5EDFB988-1440-4F8A-A899-76422851DAA5}.Debug|Any CPU.ActiveCfg = Debug|Any CPU
		{5EDFB988-1440-4F8A-A899-76422851DAA5}.Debug|Any CPU.Build.0 = Debug|Any CPU
		{5EDFB988-1440-4F8A-A899-76422851DAA5}.Release|Any CPU.ActiveCfg = Release|Any CPU
		{5EDFB988-1440-4F8A-A899-76422851DAA5}.Release|Any CPU.Build.0 = Release|Any CPU
		{BCC2397F-59C0-4F9D-A3A3-9918EC0415B5}.Debug|Any CPU.ActiveCfg = Debug|Any CPU
		{BCC2397F-59C0-4F9D-A3A3-9918EC0415B5}.Debug|Any CPU.Build.0 = Debug|Any CPU
		{BCC2397F-59C0-4F9D-A3A3-9918EC0415B5}.Release|Any CPU.ActiveCfg = Release|Any CPU
		{BCC2397F-59C0-4F9D-A3A3-9918EC0415B5}.Release|Any CPU.Build.0 = Release|Any CPU
		{EED71D3C-CEA9-44A1-B5F6-3EAD30CF2EDD}.Debug|Any CPU.ActiveCfg = Debug|Any CPU
		{EED71D3C-CEA9-44A1-B5F6-3EAD30CF2EDD}.Debug|Any CPU.Build.0 = Debug|Any CPU
		{EED71D3C-CEA9-44A1-B5F6-3EAD30CF2EDD}.Release|Any CPU.ActiveCfg = Release|Any CPU
		{EED71D3C-CEA9-44A1-B5F6-3EAD30CF2EDD}.Release|Any CPU.Build.0 = Release|Any CPU
		{80F23D14-1780-43AB-9EB2-7BF7B636AC3C}.Debug|Any CPU.ActiveCfg = Debug|Any CPU
		{80F23D14-1780-43AB-9EB2-7BF7B636AC3C}.Debug|Any CPU.Build.0 = Debug|Any CPU
		{80F23D14-1780-43AB-9EB2-7BF7B636AC3C}.Release|Any CPU.ActiveCfg = Release|Any CPU
		{80F23D14-1780-43AB-9EB2-7BF7B636AC3C}.Release|Any CPU.Build.0 = Release|Any CPU
		{628CB87C-5EF8-414F-B826-2139839AFC9F}.Debug|Any CPU.ActiveCfg = Debug|Any CPU
		{628CB87C-5EF8-414F-B826-2139839AFC9F}.Debug|Any CPU.Build.0 = Debug|Any CPU
		{628CB87C-5EF8-414F-B826-2139839AFC9F}.Release|Any CPU.ActiveCfg = Release|Any CPU
		{628CB87C-5EF8-414F-B826-2139839AFC9F}.Release|Any CPU.Build.0 = Release|Any CPU
		{B2C85F37-1D52-4A0C-86FE-89A221586F25}.Debug|Any CPU.ActiveCfg = Debug|Any CPU
		{B2C85F37-1D52-4A0C-86FE-89A221586F25}.Debug|Any CPU.Build.0 = Debug|Any CPU
		{B2C85F37-1D52-4A0C-86FE-89A221586F25}.Release|Any CPU.ActiveCfg = Release|Any CPU
		{B2C85F37-1D52-4A0C-86FE-89A221586F25}.Release|Any CPU.Build.0 = Release|Any CPU
		{4C8FACA7-981F-4A48-8BB7-6BB8454F3D05}.Debug|Any CPU.ActiveCfg = Debug|Any CPU
		{4C8FACA7-981F-4A48-8BB7-6BB8454F3D05}.Debug|Any CPU.Build.0 = Debug|Any CPU
		{4C8FACA7-981F-4A48-8BB7-6BB8454F3D05}.Release|Any CPU.ActiveCfg = Release|Any CPU
		{4C8FACA7-981F-4A48-8BB7-6BB8454F3D05}.Release|Any CPU.Build.0 = Release|Any CPU
		{460CE34D-A623-4056-9354-2C39E8384E64}.Debug|Any CPU.ActiveCfg = Debug|Any CPU
		{460CE34D-A623-4056-9354-2C39E8384E64}.Debug|Any CPU.Build.0 = Debug|Any CPU
		{460CE34D-A623-4056-9354-2C39E8384E64}.Release|Any CPU.ActiveCfg = Release|Any CPU
		{460CE34D-A623-4056-9354-2C39E8384E64}.Release|Any CPU.Build.0 = Release|Any CPU
		{25B8906F-D994-4EA4-B46A-1A3BD6BF60A7}.Debug|Any CPU.ActiveCfg = Debug|Any CPU
		{25B8906F-D994-4EA4-B46A-1A3BD6BF60A7}.Debug|Any CPU.Build.0 = Debug|Any CPU
		{25B8906F-D994-4EA4-B46A-1A3BD6BF60A7}.Release|Any CPU.ActiveCfg = Release|Any CPU
		{25B8906F-D994-4EA4-B46A-1A3BD6BF60A7}.Release|Any CPU.Build.0 = Release|Any CPU
		{61C3E231-E6FF-47E4-909A-E902B717B3A0}.Debug|Any CPU.ActiveCfg = Debug|Any CPU
		{61C3E231-E6FF-47E4-909A-E902B717B3A0}.Debug|Any CPU.Build.0 = Debug|Any CPU
		{61C3E231-E6FF-47E4-909A-E902B717B3A0}.Release|Any CPU.ActiveCfg = Release|Any CPU
		{61C3E231-E6FF-47E4-909A-E902B717B3A0}.Release|Any CPU.Build.0 = Release|Any CPU
		{A1B2C3D4-E5F6-7890-ABCD-EF1234567890}.Debug|Any CPU.ActiveCfg = Debug|Any CPU
		{A1B2C3D4-E5F6-7890-ABCD-EF1234567890}.Debug|Any CPU.Build.0 = Debug|Any CPU
		{A1B2C3D4-E5F6-7890-ABCD-EF1234567890}.Release|Any CPU.ActiveCfg = Release|Any CPU
		{A1B2C3D4-E5F6-7890-ABCD-EF1234567890}.Release|Any CPU.Build.0 = Release|Any CPU
		{34F4D9C5-4A0C-470B-B7CB-D61B75616BB5}.Debug|Any CPU.ActiveCfg = Debug|Any CPU
		{34F4D9C5-4A0C-470B-B7CB-D61B75616BB5}.Debug|Any CPU.Build.0 = Debug|Any CPU
		{34F4D9C5-4A0C-470B-B7CB-D61B75616BB5}.Release|Any CPU.ActiveCfg = Release|Any CPU
		{34F4D9C5-4A0C-470B-B7CB-D61B75616BB5}.Release|Any CPU.Build.0 = Release|Any CPU
	EndGlobalSection
	GlobalSection(NestedProjects) = preSolution
		{30C152CF-1464-4E17-A604-6A4276F89327} = {6255FD7E-63FC-4892-9EB7-8EE30DB15E49}
		{F54925D2-CD53-4C28-934B-AD0DBF8000E7} = {6255FD7E-63FC-4892-9EB7-8EE30DB15E49}
		{DF578CB7-0622-44C2-98C6-60DC383A5095} = {6255FD7E-63FC-4892-9EB7-8EE30DB15E49}
		{20AF3CCC-45E2-49CF-B183-1246C7CE0D7B} = {6255FD7E-63FC-4892-9EB7-8EE30DB15E49}
		{87DEE68C-06A7-435A-BBDD-CEE0FEE9B009} = {6255FD7E-63FC-4892-9EB7-8EE30DB15E49}
		{5EDFB988-1440-4F8A-A899-76422851DAA5} = {6255FD7E-63FC-4892-9EB7-8EE30DB15E49}
		{BCC2397F-59C0-4F9D-A3A3-9918EC0415B5} = {6255FD7E-63FC-4892-9EB7-8EE30DB15E49}
		{EED71D3C-CEA9-44A1-B5F6-3EAD30CF2EDD} = {6255FD7E-63FC-4892-9EB7-8EE30DB15E49}
		{80F23D14-1780-43AB-9EB2-7BF7B636AC3C} = {6255FD7E-63FC-4892-9EB7-8EE30DB15E49}
		{628CB87C-5EF8-414F-B826-2139839AFC9F} = {6255FD7E-63FC-4892-9EB7-8EE30DB15E49}
		{B2C85F37-1D52-4A0C-86FE-89A221586F25} = {6255FD7E-63FC-4892-9EB7-8EE30DB15E49}
		{4C8FACA7-981F-4A48-8BB7-6BB8454F3D05} = {6255FD7E-63FC-4892-9EB7-8EE30DB15E49}
		{460CE34D-A623-4056-9354-2C39E8384E64} = {10AEB29C-BEFB-483A-8A06-16E3FB1146BA}
		{25B8906F-D994-4EA4-B46A-1A3BD6BF60A7} = {10AEB29C-BEFB-483A-8A06-16E3FB1146BA}
		{61C3E231-E6FF-47E4-909A-E902B717B3A0} = {10AEB29C-BEFB-483A-8A06-16E3FB1146BA}
		{A1B2C3D4-E5F6-7890-ABCD-EF1234567890} = {10AEB29C-BEFB-483A-8A06-16E3FB1146BA}
		{34F4D9C5-4A0C-470B-B7CB-D61B75616BB5} = {6255FD7E-63FC-4892-9EB7-8EE30DB15E49}
	EndGlobalSection
EndGlobal
